
Microsoft Visual Studio Solution File, Format Version 12.00
# Visual Studio Version 17
VisualStudioVersion = 17.8.34511.84
MinimumVisualStudioVersion = 10.0.40219.1
Project("{FAE04EC0-301F-11D3-BF4B-00C04F79EFBC}") = "COMP003A.Assignment7", "COMP003A.Assignment7.csproj", "{B4202205-DCA2-4B3F-93CC-BEB1A6C81F26}"
EndProject
Global
	GlobalSection(SolutionConfigurationPlatforms) = preSolution
		Debug|Any CPU = Debug|Any CPU
		Release|Any CPU = Release|Any CPU
	EndGlobalSection
	GlobalSection(ProjectConfigurationPlatforms) = postSolution
		{B4202205-DCA2-4B3F-93CC-BEB1A6C81F26}.Debug|Any CPU.ActiveCfg = Debug|Any CPU
		{B4202205-DCA2-4B3F-93CC-BEB1A6C81F26}.Debug|Any CPU.Build.0 = Debug|Any CPU
		{B4202205-DCA2-4B3F-93CC-BEB1A6C81F26}.Release|Any CPU.ActiveCfg = Release|Any CPU
		{B4202205-DCA2-4B3F-93CC-BEB1A6C81F26}.Release|Any CPU.Build.0 = Release|Any CPU
	EndGlobalSection
	GlobalSection(SolutionProperties) = preSolution
		HideSolutionNode = FALSE
	EndGlobalSection
	GlobalSection(ExtensibilityGlobals) = postSolution
		SolutionGuid = {44F1D5C8-F833-4FA8-8D78-B6D32076ABB3}
	EndGlobalSection
EndGlobal
